
Microsoft Visual Studio Solution File, Format Version 12.00
# Visual Studio Version 16
VisualStudioVersion = 16.0.30011.22
MinimumVisualStudioVersion = 10.0.40219.1
Project("{9A19103F-16F7-4668-BE54-9A1E7A4F7556}") = "BrickStructure.Data.Entities", "Data\BrickStructure.Data.Entities\BrickStructure.Data.Entities.csproj", "{46AB0CAD-585C-4C70-969A-C45BBE6CAB2B}"
EndProject
Project("{2150E333-8FDC-42A3-9474-1A3956D46DE8}") = "Data", "Data", "{54138186-3DC6-44AF-8E85-4952D1FDCBE8}"
EndProject
Project("{2150E333-8FDC-42A3-9474-1A3956D46DE8}") = "Business", "Business", "{C87A8CD6-D294-4041-AA82-75D825D95000}"
EndProject
Project("{2150E333-8FDC-42A3-9474-1A3956D46DE8}") = "Endpoints", "Endpoints", "{1D01D381-5096-4B86-9270-D73355CEC866}"
EndProject
Project("{9A19103F-16F7-4668-BE54-9A1E7A4F7556}") = "BrickStructure.Data.Repositories", "Data\BrickStructure.Data.Repositories\BrickStructure.Data.Repositories.csproj", "{6A02FAE9-DCA4-4326-821D-2DC593B668DC}"
EndProject
Project("{9A19103F-16F7-4668-BE54-9A1E7A4F7556}") = "BrickStructure.Data.Contracts", "Data\BrickStructure.Data.Contracts\BrickStructure.Data.Contracts.csproj", "{94E78E45-8F57-4C55-BC7F-0F7E69479A03}"
EndProject
Project("{9A19103F-16F7-4668-BE54-9A1E7A4F7556}") = "BrickStructure.Data.Agents", "Data\BrickStructure.Data.Agents\BrickStructure.Data.Agents.csproj", "{35E6AAAB-581A-419B-BB8C-C16F463D518F}"
EndProject
Project("{9A19103F-16F7-4668-BE54-9A1E7A4F7556}") = "BrickStructure.Business.Contracts", "Business\BrickStructure.Business.Contracts\BrickStructure.Business.Contracts.csproj", "{2BB49590-B67D-49B2-ADC2-1F81644057E0}"
EndProject
Project("{9A19103F-16F7-4668-BE54-9A1E7A4F7556}") = "BrickStructure.Business.Models", "Business\BrickStructure.Business.Models\BrickStructure.Business.Models.csproj", "{29849B5E-A96A-4C25-AB0D-563149A87EFA}"
EndProject
Project("{9A19103F-16F7-4668-BE54-9A1E7A4F7556}") = "BrickStructure.Business.Managers", "Business\BrickStructure.Business.Managers\BrickStructure.Business.Managers.csproj", "{EB706E55-E7FC-4872-9153-91E04F8017A5}"
EndProject
Project("{9A19103F-16F7-4668-BE54-9A1E7A4F7556}") = "BrickStructure.Endpoints.Web", "Endpoints\BrickStructure.Endpoints.Web\BrickStructure.Endpoints.Web.csproj", "{7A4025D9-2BAE-4C85-A72C-76F79E8EDF9F}"
EndProject
Project("{9A19103F-16F7-4668-BE54-9A1E7A4F7556}") = "BrickStructure.Business.UnitTest", "Business\BrickStructure.Business.UnitTest\BrickStructure.Business.UnitTest.csproj", "{BF0B7BD4-0301-48C3-93B1-1BAD9BF7724B}"
EndProject
Project("{9A19103F-16F7-4668-BE54-9A1E7A4F7556}") = "BrickStructure.Data.UnitTest", "Data\BrickStructure.Data.UnitTest\BrickStructure.Data.UnitTest.csproj", "{E1529F71-9369-4840-92A6-047F7C887B5E}"
EndProject
Project("{9A19103F-16F7-4668-BE54-9A1E7A4F7556}") = "BrickStructure.Data.Extensions", "Data\BrickStructure.Data.Extensions\BrickStructure.Data.Extensions.csproj", "{83688670-B638-4354-9F3A-08278FF074AD}"
EndProject
Project("{9A19103F-16F7-4668-BE54-9A1E7A4F7556}") = "BrickStructure.Business.Extensions", "Business\BrickStructure.Business.Extensions\BrickStructure.Business.Extensions.csproj", "{532461C5-4642-4189-930E-F9EBD3175B43}"
EndProject
Global
	GlobalSection(SolutionConfigurationPlatforms) = preSolution
		Debug|Any CPU = Debug|Any CPU
		Release|Any CPU = Release|Any CPU
	EndGlobalSection
	GlobalSection(ProjectConfigurationPlatforms) = postSolution
		{46AB0CAD-585C-4C70-969A-C45BBE6CAB2B}.Debug|Any CPU.ActiveCfg = Debug|Any CPU
		{46AB0CAD-585C-4C70-969A-C45BBE6CAB2B}.Debug|Any CPU.Build.0 = Debug|Any CPU
		{46AB0CAD-585C-4C70-969A-C45BBE6CAB2B}.Release|Any CPU.ActiveCfg = Release|Any CPU
		{46AB0CAD-585C-4C70-969A-C45BBE6CAB2B}.Release|Any CPU.Build.0 = Release|Any CPU
		{6A02FAE9-DCA4-4326-821D-2DC593B668DC}.Debug|Any CPU.ActiveCfg = Debug|Any CPU
		{6A02FAE9-DCA4-4326-821D-2DC593B668DC}.Debug|Any CPU.Build.0 = Debug|Any CPU
		{6A02FAE9-DCA4-4326-821D-2DC593B668DC}.Release|Any CPU.ActiveCfg = Release|Any CPU
		{6A02FAE9-DCA4-4326-821D-2DC593B668DC}.Release|Any CPU.Build.0 = Release|Any CPU
		{94E78E45-8F57-4C55-BC7F-0F7E69479A03}.Debug|Any CPU.ActiveCfg = Debug|Any CPU
		{94E78E45-8F57-4C55-BC7F-0F7E69479A03}.Debug|Any CPU.Build.0 = Debug|Any CPU
		{94E78E45-8F57-4C55-BC7F-0F7E69479A03}.Release|Any CPU.ActiveCfg = Release|Any CPU
		{94E78E45-8F57-4C55-BC7F-0F7E69479A03}.Release|Any CPU.Build.0 = Release|Any CPU
		{35E6AAAB-581A-419B-BB8C-C16F463D518F}.Debug|Any CPU.ActiveCfg = Debug|Any CPU
		{35E6AAAB-581A-419B-BB8C-C16F463D518F}.Debug|Any CPU.Build.0 = Debug|Any CPU
		{35E6AAAB-581A-419B-BB8C-C16F463D518F}.Release|Any CPU.ActiveCfg = Release|Any CPU
		{35E6AAAB-581A-419B-BB8C-C16F463D518F}.Release|Any CPU.Build.0 = Release|Any CPU
		{2BB49590-B67D-49B2-ADC2-1F81644057E0}.Debug|Any CPU.ActiveCfg = Debug|Any CPU
		{2BB49590-B67D-49B2-ADC2-1F81644057E0}.Debug|Any CPU.Build.0 = Debug|Any CPU
		{2BB49590-B67D-49B2-ADC2-1F81644057E0}.Release|Any CPU.ActiveCfg = Release|Any CPU
		{2BB49590-B67D-49B2-ADC2-1F81644057E0}.Release|Any CPU.Build.0 = Release|Any CPU
		{29849B5E-A96A-4C25-AB0D-563149A87EFA}.Debug|Any CPU.ActiveCfg = Debug|Any CPU
		{29849B5E-A96A-4C25-AB0D-563149A87EFA}.Debug|Any CPU.Build.0 = Debug|Any CPU
		{29849B5E-A96A-4C25-AB0D-563149A87EFA}.Release|Any CPU.ActiveCfg = Release|Any CPU
		{29849B5E-A96A-4C25-AB0D-563149A87EFA}.Release|Any CPU.Build.0 = Release|Any CPU
		{EB706E55-E7FC-4872-9153-91E04F8017A5}.Debug|Any CPU.ActiveCfg = Debug|Any CPU
		{EB706E55-E7FC-4872-9153-91E04F8017A5}.Debug|Any CPU.Build.0 = Debug|Any CPU
		{EB706E55-E7FC-4872-9153-91E04F8017A5}.Release|Any CPU.ActiveCfg = Release|Any CPU
		{EB706E55-E7FC-4872-9153-91E04F8017A5}.Release|Any CPU.Build.0 = Release|Any CPU
		{7A4025D9-2BAE-4C85-A72C-76F79E8EDF9F}.Debug|Any CPU.ActiveCfg = Debug|Any CPU
		{7A4025D9-2BAE-4C85-A72C-76F79E8EDF9F}.Debug|Any CPU.Build.0 = Debug|Any CPU
		{7A4025D9-2BAE-4C85-A72C-76F79E8EDF9F}.Release|Any CPU.ActiveCfg = Release|Any CPU
		{7A4025D9-2BAE-4C85-A72C-76F79E8EDF9F}.Release|Any CPU.Build.0 = Release|Any CPU
		{BF0B7BD4-0301-48C3-93B1-1BAD9BF7724B}.Debug|Any CPU.ActiveCfg = Debug|Any CPU
		{BF0B7BD4-0301-48C3-93B1-1BAD9BF7724B}.Debug|Any CPU.Build.0 = Debug|Any CPU
		{BF0B7BD4-0301-48C3-93B1-1BAD9BF7724B}.Release|Any CPU.ActiveCfg = Release|Any CPU
		{BF0B7BD4-0301-48C3-93B1-1BAD9BF7724B}.Release|Any CPU.Build.0 = Release|Any CPU
		{E1529F71-9369-4840-92A6-047F7C887B5E}.Debug|Any CPU.ActiveCfg = Debug|Any CPU
		{E1529F71-9369-4840-92A6-047F7C887B5E}.Debug|Any CPU.Build.0 = Debug|Any CPU
		{E1529F71-9369-4840-92A6-047F7C887B5E}.Release|Any CPU.ActiveCfg = Release|Any CPU
		{E1529F71-9369-4840-92A6-047F7C887B5E}.Release|Any CPU.Build.0 = Release|Any CPU
		{83688670-B638-4354-9F3A-08278FF074AD}.Debug|Any CPU.ActiveCfg = Debug|Any CPU
		{83688670-B638-4354-9F3A-08278FF074AD}.Debug|Any CPU.Build.0 = Debug|Any CPU
		{83688670-B638-4354-9F3A-08278FF074AD}.Release|Any CPU.ActiveCfg = Release|Any CPU
		{83688670-B638-4354-9F3A-08278FF074AD}.Release|Any CPU.Build.0 = Release|Any CPU
		{532461C5-4642-4189-930E-F9EBD3175B43}.Debug|Any CPU.ActiveCfg = Debug|Any CPU
		{532461C5-4642-4189-930E-F9EBD3175B43}.Debug|Any CPU.Build.0 = Debug|Any CPU
		{532461C5-4642-4189-930E-F9EBD3175B43}.Release|Any CPU.ActiveCfg = Release|Any CPU
		{532461C5-4642-4189-930E-F9EBD3175B43}.Release|Any CPU.Build.0 = Release|Any CPU
	EndGlobalSection
	GlobalSection(SolutionProperties) = preSolution
		HideSolutionNode = FALSE
	EndGlobalSection
	GlobalSection(NestedProjects) = preSolution
		{46AB0CAD-585C-4C70-969A-C45BBE6CAB2B} = {54138186-3DC6-44AF-8E85-4952D1FDCBE8}
		{6A02FAE9-DCA4-4326-821D-2DC593B668DC} = {54138186-3DC6-44AF-8E85-4952D1FDCBE8}
		{94E78E45-8F57-4C55-BC7F-0F7E69479A03} = {54138186-3DC6-44AF-8E85-4952D1FDCBE8}
		{35E6AAAB-581A-419B-BB8C-C16F463D518F} = {54138186-3DC6-44AF-8E85-4952D1FDCBE8}
		{2BB49590-B67D-49B2-ADC2-1F81644057E0} = {C87A8CD6-D294-4041-AA82-75D825D95000}
		{29849B5E-A96A-4C25-AB0D-563149A87EFA} = {C87A8CD6-D294-4041-AA82-75D825D95000}
		{EB706E55-E7FC-4872-9153-91E04F8017A5} = {C87A8CD6-D294-4041-AA82-75D825D95000}
		{7A4025D9-2BAE-4C85-A72C-76F79E8EDF9F} = {1D01D381-5096-4B86-9270-D73355CEC866}
		{BF0B7BD4-0301-48C3-93B1-1BAD9BF7724B} = {C87A8CD6-D294-4041-AA82-75D825D95000}
		{E1529F71-9369-4840-92A6-047F7C887B5E} = {54138186-3DC6-44AF-8E85-4952D1FDCBE8}
		{83688670-B638-4354-9F3A-08278FF074AD} = {54138186-3DC6-44AF-8E85-4952D1FDCBE8}
		{532461C5-4642-4189-930E-F9EBD3175B43} = {C87A8CD6-D294-4041-AA82-75D825D95000}
	EndGlobalSection
	GlobalSection(ExtensibilityGlobals) = postSolution
		SolutionGuid = {B0434272-C5AB-4956-85A7-CDEB70D7D0BF}
	EndGlobalSection
EndGlobal
